
Microsoft Visual Studio Solution File, Format Version 12.00
# Visual Studio Version 17
VisualStudioVersion = 17.11.35208.52
MinimumVisualStudioVersion = 10.0.40219.1
Project("{FAE04EC0-301F-11D3-BF4B-00C04F79EFBC}") = "neok", "neok\neok.csproj", "{BFE0847B-78D9-4001-A4FF-782E684A2D17}"
EndProject
Global
	GlobalSection(SolutionConfigurationPlatforms) = preSolution
		Debug|Any CPU = Debug|Any CPU
		Release|Any CPU = Release|Any CPU
	EndGlobalSection
	GlobalSection(ProjectConfigurationPlatforms) = postSolution
		{BFE0847B-78D9-4001-A4FF-782E684A2D17}.Debug|Any CPU.ActiveCfg = Debug|Any CPU
		{BFE0847B-78D9-4001-A4FF-782E684A2D17}.Debug|Any CPU.Build.0 = Debug|Any CPU
		{BFE0847B-78D9-4001-A4FF-782E684A2D17}.Release|Any CPU.ActiveCfg = Release|Any CPU
		{BFE0847B-78D9-4001-A4FF-782E684A2D17}.Release|Any CPU.Build.0 = Release|Any CPU
	EndGlobalSection
	GlobalSection(SolutionProperties) = preSolution
		HideSolutionNode = FALSE
	EndGlobalSection
	GlobalSection(ExtensibilityGlobals) = postSolution
		SolutionGuid = {D8835BC1-E3F8-4BF2-8A7F-6FAAAF60211F}
	EndGlobalSection
EndGlobal
